<?xml version="1.0" encoding="utf-8"?>
<Project ToolsVersion="4.0" xmlns="http://schemas.microsoft.com/developer/msbuild/2003">
  <ItemGroup>
    <Filter Include="Source Files">
      <UniqueIdentifier>{4FC737F1-C7A5-4376-A066-2A32D752A2FF}</UniqueIdentifier>
      <Extensions>cpp;c;cc;cxx;c++;cppm;ixx;def;odl;idl;hpj;bat;asm;asmx</Extensions>
    </Filter>
    <Filter Include="Header Files">
      <UniqueIdentifier>{93995380-89BD-4b04-88EB-625FBE52EBFB}</UniqueIdentifier>
      <Extensions>h;hh;hpp;hxx;h++;hm;inl;inc;ipp;xsd</Extensions>
    </Filter>
    <Filter Include="Resource Files">
      <UniqueIdentifier>{67DA6AB6-F800-4c08-8B7A-83BB121AAD01}</UniqueIdentifier>
      <Extensions>rc;ico;cur;bmp;dlg;rc2;rct;bin;rgs;gif;jpg;jpeg;jpe;resx;tiff;tif;png;wav;mfcribbon-ms</Extensions>
    </Filter>
  </ItemGroup>
  <ItemGroup>
    <ClInclude Include="framework.h">
      <Filter>Header Files</Filter>
    </ClInclude>
    <ClInclude Include="pch.h">
      <Filter>Header Files</Filter>
    </ClInclude>
    <ClInclude Include="include\FoxHashes.h">
      <Filter>Header Files</Filter>
    </ClInclude>
    <ClInclude Include="include\lauxlib.h">
      <Filter>Header Files</Filter>
    </ClInclude>
    <ClInclude Include="include\log.h">
      <Filter>Header Files</Filter>
    </ClInclude>
    <ClInclude Include="include\lua.h">
      <Filter>Header Files</Filter>
    </ClInclude>
    <ClInclude Include="include\luaconf.h">
      <Filter>Header Files</Filter>
    </ClInclude>
    <ClInclude Include="include\lualib.h">
      <Filter>Header Files</Filter>
    </ClInclude>
    <ClInclude Include="include\MinHook.h">
      <Filter>Header Files</Filter>
    </ClInclude>
    <ClInclude Include="include\HookUtils.h">
      <Filter>Header Files</Filter>
    </ClInclude>
    <ClInclude Include="AddressSet.h">
      <Filter>Header Files</Filter>
    </ClInclude>
  </ItemGroup>
  <ItemGroup>
    <ClCompile Include="dllmain.cpp">
      <Filter>Source Files</Filter>
    </ClCompile>
    <ClCompile Include="pch.cpp">
      <Filter>Source Files</Filter>
    </ClCompile>
    <ClCompile Include="include\FoxHashes.cpp">
      <Filter>Source Files</Filter>
    </ClCompile>
    <ClCompile Include="include\log.cpp">
      <Filter>Source Files</Filter>
    </ClCompile>
    <ClCompile Include="src\tpp\ui\hud\impl\TppUILangSelectPopupImpl\TppUILangSelectPopupImpl.cpp">
      <Filter>Source Files</Filter>
    </ClCompile>
    <ClCompile Include="src\tpp\ui\hud\impl\TppUILangSelectPopupImpl\FixKorCh.cpp">
      <Filter>Source Files</Filter>
    </ClCompile>
    <ClCompile Include="src\tpp\ui\hud\impl\TppUILangSelectPopupImpl\FUN_145cc6360.cpp">
      <Filter>Source Files</Filter>
    </ClCompile>
    <ClCompile Include="src\tpp\ui\UiCommand\ShowTextureLogo.cpp">
      <Filter>Source Files</Filter>
    </ClCompile>
    <ClCompile Include="src\tpp\ui\hud\ChapterTelopInfo\GetFtexPathId.cpp">
      <Filter>Source Files</Filter>
    </ClCompile>
    <ClCompile Include="src\tpp\ui\UiCommand\ShowChapterTelop.cpp">
      <Filter>Source Files</Filter>
    </ClCompile>
    <ClCompile Include="src\tpp\ui\lang\UnkLoadUIDefaultDataFunc.cpp">
      <Filter>Source Files</Filter>
    </ClCompile>
    <ClCompile Include="src\tpp\ui\lang\UnkLoadTppPartsLangFpk.cpp">
      <Filter>Source Files</Filter>
    </ClCompile>
    <ClCompile Include="src\tpp\ui\menu\impl\MotherBaseDevicePauseHelpTableImpl\GetPauseHelpLangBlockPath.cpp">
      <Filter>Source Files</Filter>
    </ClCompile>
    <ClCompile Include="src\tpp\ui\menu\impl\MenuSystemImpl\GetTipsLangBlockPath.cpp">
      <Filter>Source Files</Filter>
    </ClCompile>
    <ClCompile Include="SetLuaFunctions.cpp">
      <Filter>Source Files</Filter>
    </ClCompile>
    <ClCompile Include="AddressSet.cpp">
      <Filter>Source Files</Filter>
    </ClCompile>
    <ClCompile Include="src\fox\ui\TextAnalysis\CreateTextUnits.cpp">
      <Filter>Source Files</Filter>
    </ClCompile>
    <ClCompile Include="src\tpp\ui\hud\DisplayTimerEvCall\SetDisplayText.cpp">
      <Filter>Source Files</Filter>
    </ClCompile>
    <ClCompile Include="src\tpp\ui\menu\MbLogViewerEv\BodyLayout\SetMainText.cpp">
      <Filter>Source Files</Filter>
    </ClCompile>
    <ClCompile Include="src\tpp\ui\menu\impl\CustomizeSlotSelectorCallbackImpl\SetupListElementWalkerGear.cpp">
      <Filter>Source Files</Filter>
    </ClCompile>
    <ClCompile Include="src\tpp\ui\menu\GamePauseMenuAct.cpp">
      <Filter>Source Files</Filter>
    </ClCompile>
    <ClCompile Include="src\tpp\ui\menu\MbDvcMissionInfoCallback\MbDvcMissionInfoCallback_SetMissionInfoTexts.cpp">
      <Filter>Source Files</Filter>
    </ClCompile>
    <ClCompile Include="src\tpp\ui\menu\impl\CallMenuImpl\SetCommandText.cpp">
      <Filter>Source Files</Filter>
    </ClCompile>
    <ClCompile Include="src\tpp\ui\menu\TitleLayoutController.cpp">
      <Filter>Source Files</Filter>
    </ClCompile>
    <ClCompile Include="src\tpp\ui\hud\TelopStartTitleEvCall\TelopStartTitleEvCall_Update.cpp">
      <Filter>Source Files</Filter>
    </ClCompile>
    <ClCompile Include="src\tpp\ui\hud\TelopStartTitleEvCall\TelopStartTitleEvCall_SetTextMissionTelopName.cpp">
      <Filter>Source Files</Filter>
    </ClCompile>
    <ClCompile Include="src\tpp\ui\hud\AnnounceLogViewer\AnnounceLogViewer_CallLogView.cpp">
      <Filter>Source Files</Filter>
    </ClCompile>
    <ClCompile Include="src\tpp\ui\hud\HeadMarkMarkerEvCall\HeadMarkMarkerEvCall_SetMarkerText.cpp">
      <Filter>Source Files</Filter>
    </ClCompile>
    <ClCompile Include="src\tpp\ui\menu\MbTitleEv\MbTitleEv_GetTypingText.cpp">
      <Filter>Source Files</Filter>
    </ClCompile>
    <ClCompile Include="src\tpp\ui\menu\MbTitleEv\MbTitleEv_SetMenuNameText.cpp">
      <Filter>Source Files</Filter>
    </ClCompile>
    <ClCompile Include="src\tpp\ui\menu\impl\MbDvcMissionListRecordCallFunc\MbDvcMissionListRecordCallFunc_Start.cpp">
      <Filter>Source Files</Filter>
    </ClCompile>
    <ClCompile Include="src\tpp\ui\menu\impl\MbDvcSideOpsRecordCallFunc\MbDvcSideOpsRecordCallFunc_ViewRecord.cpp">
      <Filter>Source Files</Filter>
    </ClCompile>
    <ClCompile Include="src\tpp\ui\menu\impl\MissionPreparationCallbackImpl\MissionPreparationCallbackImpl_SetupMissionName.cpp">
      <Filter>Source Files</Filter>
    </ClCompile>
    <ClCompile Include="src\tpp\ui\menu\mbm\impl\EquipDetailsCallbackImpl\EquipDetailsCallbackImpl_CreateCarryingDifferenceText.cpp">
      <Filter>Source Files</Filter>
    </ClCompile>
    <ClCompile Include="src\tpp\ui\menu\mbm\impl\EquipDetailsCallbackImpl\EquipDetailsCallbackImpl_CreateBulletDifferenceText.cpp">
      <Filter>Source Files</Filter>
    </ClCompile>
    <ClCompile Include="src\tpp\ui\hud\impl\TppUIInfoTypingTextImpl\TppUIInfoTypingTextImpl_SetTypingText.cpp">
      <Filter>Source Files</Filter>
    </ClCompile>
    <ClCompile Include="src\tpp\ui\hud\impl\TppUIInfoTypingTextImpl\TppUIInfoTypingText_UpdateTextRtl.cpp">
      <Filter>Source Files</Filter>
    </ClCompile>
    <ClCompile Include="src\tpp\ui\menu\impl\`anonymous_namespace%27\LoadoutPanelInfo\LoadoutPanelInfo_RefreshLoadoutText.cpp">
      <Filter>Source Files</Filter>
    </ClCompile>
    <ClCompile Include="src\tpp\ui\menu\TipsLayoutController\TipsLayoutController_SetPageText.cpp">
      <Filter>Source Files</Filter>
    </ClCompile>
    <ClCompile Include="src\tpp\ui\hud\TypingLogAct\TypingLogAct_ActTyping.cpp">
      <Filter>Source Files</Filter>
    </ClCompile>
    <ClCompile Include="src\tpp\ui\menu\impl\ItemSelectorRecordCallFunc\ItemSelectorRecordCallFunc_UpdateRecords.cpp">
      <Filter>Source Files</Filter>
    </ClCompile>
    <ClCompile Include="src\tpp\ui\menu\impl\MbDvcSideOpsCallbackImpl\MbDvcSideOpsCallbackImpl_ShowCompleteRatio.cpp">
      <Filter>Source Files</Filter>
    </ClCompile>
    <ClCompile Include="src\tpp\ui\hud\impl\TppUICountAnnounceImpl\TppUICountAnnounceImpl_SetAnnounceText.cpp">
      <Filter>Source Files</Filter>
    </ClCompile>
    <ClCompile Include="src\tpp\ui\menu\LoadingTipsEv\LoadingTipsEv_GetTitleText.cpp">
      <Filter>Source Files</Filter>
    </ClCompile>
    <ClCompile Include="src\tpp\ui\menu\LoadingTipsEv\LoadingTipsEv_UpdateActPhase.cpp">
      <Filter>Source Files</Filter>
    </ClCompile>
    <ClCompile Include="src\tpp\ui\hud\EquipCrossEvCall\EquipCrossEvCall_SetCircleCursorFromSrickDir.cpp">
      <Filter>Source Files</Filter>
    </ClCompile>
    <ClCompile Include="src\tpp\ui\menu\impl\MbDvcMissionListCallbackImpl\MbDvcMissionListCallbackImpl_ShowMissionInfoTextBox.cpp">
      <Filter>Source Files</Filter>
    </ClCompile>
    <ClCompile Include="src\tpp\ui\menu\GameOverEvCall\GameOverEvCall_UpdateSelectText.cpp">
      <Filter>Source Files</Filter>
    </ClCompile>
    <ClCompile Include="src\tpp\ui\menu\PopupEvCall\PopupEvCall_SettingPopup.cpp">
      <Filter>Source Files</Filter>
    </ClCompile>
    <ClCompile Include="src\tpp\ui\equip\equip_SetEquipBackgroundTexture.cpp">
      <Filter>Source Files</Filter>
    </ClCompile>
    <ClCompile Include="src\tpp\ui\menu\impl\MbDvcSideOpsCallbackImpl\MbDvcSideOpsCallbackImpl_UpdateInformationTextBox.cpp">
      <Filter>Source Files</Filter>
    </ClCompile>
    <ClCompile Include="src\tpp\ui\ModelNodeText\ArabicScrollReversal.cpp">
      <Filter>Source Files</Filter>
    </ClCompile>
  </ItemGroup>
  <ItemGroup>
    <Library Include="lib\libMinHook.x64.lib" />
    <Library Include="lib\libMinHook.x86.lib" />
  </ItemGroup>
</Project>